
Microsoft Visual Studio Solution File, Format Version 12.00
# Visual Studio Version 16
VisualStudioVersion = 16.0.31624.102
MinimumVisualStudioVersion = 10.0.40219.1
Project("{9A19103F-16F7-4668-BE54-9A1E7A4F7556}") = "makeb2b", "makeb2b\makeb2b.csproj", "{B482725F-C767-4632-B9F4-109DEFACD4B3}"
EndProject
Global
	GlobalSection(SolutionConfigurationPlatforms) = preSolution
		Debug|Any CPU = Debug|Any CPU
		Release|Any CPU = Release|Any CPU
	EndGlobalSection
	GlobalSection(ProjectConfigurationPlatforms) = postSolution
		{B482725F-C767-4632-B9F4-109DEFACD4B3}.Debug|Any CPU.ActiveCfg = Debug|Any CPU
		{B482725F-C767-4632-B9F4-109DEFACD4B3}.Debug|Any CPU.Build.0 = Debug|Any CPU
		{B482725F-C767-4632-B9F4-109DEFACD4B3}.Release|Any CPU.ActiveCfg = Release|Any CPU
		{B482725F-C767-4632-B9F4-109DEFACD4B3}.Release|Any CPU.Build.0 = Release|Any CPU
	EndGlobalSection
	GlobalSection(SolutionProperties) = preSolution
		HideSolutionNode = FALSE
	EndGlobalSection
	GlobalSection(ExtensibilityGlobals) = postSolution
		SolutionGuid = {221CCE2E-C28F-45DA-9E9D-B33C6561331F}
	EndGlobalSection
EndGlobal
